
Microsoft Visual Studio Solution File, Format Version 12.00
# Visual Studio Version 17
VisualStudioVersion = 17.13.35931.197 d17.13
MinimumVisualStudioVersion = 10.0.40219.1
Project("{FAE04EC0-301F-11D3-BF4B-00C04F79EFBC}") = "LoginFromASPCore", "LoginFromASPCore\LoginFromASPCore.csproj", "{2E931DA3-5CC7-489C-842E-5F0191BA0744}"
EndProject
Global
	GlobalSection(SolutionConfigurationPlatforms) = preSolution
		Debug|Any CPU = Debug|Any CPU
		Release|Any CPU = Release|Any CPU
	EndGlobalSection
	GlobalSection(ProjectConfigurationPlatforms) = postSolution
		{2E931DA3-5CC7-489C-842E-5F0191BA0744}.Debug|Any CPU.ActiveCfg = Debug|Any CPU
		{2E931DA3-5CC7-489C-842E-5F0191BA0744}.Debug|Any CPU.Build.0 = Debug|Any CPU
		{2E931DA3-5CC7-489C-842E-5F0191BA0744}.Release|Any CPU.ActiveCfg = Release|Any CPU
		{2E931DA3-5CC7-489C-842E-5F0191BA0744}.Release|Any CPU.Build.0 = Release|Any CPU
	EndGlobalSection
	GlobalSection(SolutionProperties) = preSolution
		HideSolutionNode = FALSE
	EndGlobalSection
	GlobalSection(ExtensibilityGlobals) = postSolution
		SolutionGuid = {14D4735B-C502-4215-BB07-28EB79E60549}
	EndGlobalSection
EndGlobal
